
Microsoft Visual Studio Solution File, Format Version 12.00
# Visual Studio Version 16
VisualStudioVersion = 16.0.29926.136
MinimumVisualStudioVersion = 10.0.40219.1
Project("{FAE04EC0-301F-11D3-BF4B-00C04F79EFBC}") = "ManyMethods", "LCA-2020-Class-221\ManyMethods.csproj", "{C812BF1A-90C8-40C3-A31A-0228D0543D0A}"
EndProject
Project("{FAE04EC0-301F-11D3-BF4B-00C04F79EFBC}") = "PigLatin", "PigLatin\PigLatin.csproj", "{7AA8B6CD-768B-4CA0-875A-0E3F83ED3065}"
EndProject
Project("{FAE04EC0-301F-11D3-BF4B-00C04F79EFBC}") = "PigLatin2.0", "PigLatin2.0\PigLatin2.0.csproj", "{5F996909-04D3-4BB6-9F1D-0CBA580749DC}"
EndProject
Project("{FAE04EC0-301F-11D3-BF4B-00C04F79EFBC}") = "LogicTraining221", "LogicTraining\LogicTraining221.csproj", "{71E5A385-FF31-465E-93DC-3E247542CE52}"
EndProject
Project("{FAE04EC0-301F-11D3-BF4B-00C04F79EFBC}") = "RockPaperScissors", "RockPaperScissors\RockPaperScissors.csproj", "{7114BB71-9838-4FD9-A847-C709BB6FE412}"
EndProject
Project("{FAE04EC0-301F-11D3-BF4B-00C04F79EFBC}") = "Fun_Projects", "Fun_Projects\Fun_Projects.csproj", "{B9466299-EDF4-4A71-BE7D-92BEE2C4A7AC}"
EndProject
Project("{FAE04EC0-301F-11D3-BF4B-00C04F79EFBC}") = "LoopsTraining", "LoopsTraining\LoopsTraining.csproj", "{5FECD847-7854-466A-A963-7E925C2FA4CE}"
EndProject
Project("{FAE04EC0-301F-11D3-BF4B-00C04F79EFBC}") = "TicTacToe", "TicTacToe\TicTacToe.csproj", "{2518C89B-B779-4594-8F03-8671516992AD}"
EndProject
Project("{FAE04EC0-301F-11D3-BF4B-00C04F79EFBC}") = "Collections", "Collections\Collections.csproj", "{5A0C34D7-B196-4E27-9378-540537A1BCAF}"
EndProject
Project("{FAE04EC0-301F-11D3-BF4B-00C04F79EFBC}") = "MasterMind", "MasterMind\MasterMind.csproj", "{D0C4382F-1CA3-41E4-A75E-65FF1CEF99DB}"
EndProject
Project("{FAE04EC0-301F-11D3-BF4B-00C04F79EFBC}") = "Presentation", "Presentation\Presentation.csproj", "{3B140822-FC89-4324-942C-CD2A2F8777A7}"
EndProject
Project("{FAE04EC0-301F-11D3-BF4B-00C04F79EFBC}") = "GradeBook", "GradeBook\GradeBook.csproj", "{4FA0CBDB-FD53-4D09-92F7-9ACBE7A079C2}"
EndProject
Project("{FAE04EC0-301F-11D3-BF4B-00C04F79EFBC}") = "POCOS", "POCOS\POCOS.csproj", "{E022815D-E50A-4398-BBB7-907A363C4032}"
EndProject
Project("{FAE04EC0-301F-11D3-BF4B-00C04F79EFBC}") = "TodoList", "TodoList\TodoList.csproj", "{4BF1332A-FF75-4F58-9BA1-BDCC991CD325}"
EndProject
Project("{FAE04EC0-301F-11D3-BF4B-00C04F79EFBC}") = "ClassPractice", "ClassPractice\ClassPractice.csproj", "{02E59090-3A9D-41D1-A0D0-757C1053082F}"
EndProject
Project("{FAE04EC0-301F-11D3-BF4B-00C04F79EFBC}") = "Tower_Of_Hanoi", "Tower_Of_Hanoi\Tower_Of_Hanoi.csproj", "{2100954F-9A7C-4EEA-A155-F0E3B56CF405}"
EndProject
Project("{FAE04EC0-301F-11D3-BF4B-00C04F79EFBC}") = "SuperHeroes_Villians", "SuperHeroes_Villians\SuperHeroes_Villians.csproj", "{7629A07D-D442-4392-9A68-D3F3584D67F8}"
EndProject
Project("{FAE04EC0-301F-11D3-BF4B-00C04F79EFBC}") = "CarLot", "CarLot\CarLot.csproj", "{07247A1E-38D4-4D0D-BDC8-EAADB3EBB3A9}"
EndProject
Project("{FAE04EC0-301F-11D3-BF4B-00C04F79EFBC}") = "FizzBuzz", "FizzBuzz\FizzBuzz.csproj", "{0DC1DBD2-4044-4616-B3D2-78F9F08F2415}"
EndProject
Project("{FAE04EC0-301F-11D3-BF4B-00C04F79EFBC}") = "Inventory", "Inventory\Inventory.csproj", "{93FB616A-7B95-4EAD-90BF-5C091E89EBDF}"
EndProject
Project("{FAE04EC0-301F-11D3-BF4B-00C04F79EFBC}") = "Checkers", "Checkers\Checkers.csproj", "{91464B8F-AC71-48DA-ABE0-33B053964B51}"
EndProject
Project("{FAE04EC0-301F-11D3-BF4B-00C04F79EFBC}") = "BookInventory", "BookInventory\BookInventory.csproj", "{4C7174F4-D7F9-477D-874D-844FDE38B79A}"
EndProject
Project("{FAE04EC0-301F-11D3-BF4B-00C04F79EFBC}") = "BookDatabase", "BookDatabase\BookDatabase.csproj", "{753CCEDC-AB4B-4DBD-92AD-12EB073E7EFE}"
EndProject
Project("{FAE04EC0-301F-11D3-BF4B-00C04F79EFBC}") = "ToDoListApp", "ToDoListApp\ToDoListApp.csproj", "{EDBAB667-7FB0-4651-94F6-34DF4A9F8F38}"
EndProject
Project("{FAE04EC0-301F-11D3-BF4B-00C04F79EFBC}") = "ToDoApp2", "ToDoApp2\ToDoApp2.csproj", "{18C039A0-67DB-4573-A9B8-07F7545D3BD0}"
EndProject
Global
	GlobalSection(SolutionConfigurationPlatforms) = preSolution
		Debug|Any CPU = Debug|Any CPU
		Release|Any CPU = Release|Any CPU
	EndGlobalSection
	GlobalSection(ProjectConfigurationPlatforms) = postSolution
		{C812BF1A-90C8-40C3-A31A-0228D0543D0A}.Debug|Any CPU.ActiveCfg = Debug|Any CPU
		{C812BF1A-90C8-40C3-A31A-0228D0543D0A}.Debug|Any CPU.Build.0 = Debug|Any CPU
		{C812BF1A-90C8-40C3-A31A-0228D0543D0A}.Release|Any CPU.ActiveCfg = Release|Any CPU
		{C812BF1A-90C8-40C3-A31A-0228D0543D0A}.Release|Any CPU.Build.0 = Release|Any CPU
		{7AA8B6CD-768B-4CA0-875A-0E3F83ED3065}.Debug|Any CPU.ActiveCfg = Debug|Any CPU
		{7AA8B6CD-768B-4CA0-875A-0E3F83ED3065}.Debug|Any CPU.Build.0 = Debug|Any CPU
		{7AA8B6CD-768B-4CA0-875A-0E3F83ED3065}.Release|Any CPU.ActiveCfg = Release|Any CPU
		{7AA8B6CD-768B-4CA0-875A-0E3F83ED3065}.Release|Any CPU.Build.0 = Release|Any CPU
		{5F996909-04D3-4BB6-9F1D-0CBA580749DC}.Debug|Any CPU.ActiveCfg = Debug|Any CPU
		{5F996909-04D3-4BB6-9F1D-0CBA580749DC}.Debug|Any CPU.Build.0 = Debug|Any CPU
		{5F996909-04D3-4BB6-9F1D-0CBA580749DC}.Release|Any CPU.ActiveCfg = Release|Any CPU
		{5F996909-04D3-4BB6-9F1D-0CBA580749DC}.Release|Any CPU.Build.0 = Release|Any CPU
		{71E5A385-FF31-465E-93DC-3E247542CE52}.Debug|Any CPU.ActiveCfg = Debug|Any CPU
		{71E5A385-FF31-465E-93DC-3E247542CE52}.Debug|Any CPU.Build.0 = Debug|Any CPU
		{71E5A385-FF31-465E-93DC-3E247542CE52}.Release|Any CPU.ActiveCfg = Release|Any CPU
		{71E5A385-FF31-465E-93DC-3E247542CE52}.Release|Any CPU.Build.0 = Release|Any CPU
		{7114BB71-9838-4FD9-A847-C709BB6FE412}.Debug|Any CPU.ActiveCfg = Debug|Any CPU
		{7114BB71-9838-4FD9-A847-C709BB6FE412}.Debug|Any CPU.Build.0 = Debug|Any CPU
		{7114BB71-9838-4FD9-A847-C709BB6FE412}.Release|Any CPU.ActiveCfg = Release|Any CPU
		{7114BB71-9838-4FD9-A847-C709BB6FE412}.Release|Any CPU.Build.0 = Release|Any CPU
		{B9466299-EDF4-4A71-BE7D-92BEE2C4A7AC}.Debug|Any CPU.ActiveCfg = Debug|Any CPU
		{B9466299-EDF4-4A71-BE7D-92BEE2C4A7AC}.Debug|Any CPU.Build.0 = Debug|Any CPU
		{B9466299-EDF4-4A71-BE7D-92BEE2C4A7AC}.Release|Any CPU.ActiveCfg = Release|Any CPU
		{B9466299-EDF4-4A71-BE7D-92BEE2C4A7AC}.Release|Any CPU.Build.0 = Release|Any CPU
		{5FECD847-7854-466A-A963-7E925C2FA4CE}.Debug|Any CPU.ActiveCfg = Debug|Any CPU
		{5FECD847-7854-466A-A963-7E925C2FA4CE}.Debug|Any CPU.Build.0 = Debug|Any CPU
		{5FECD847-7854-466A-A963-7E925C2FA4CE}.Release|Any CPU.ActiveCfg = Release|Any CPU
		{5FECD847-7854-466A-A963-7E925C2FA4CE}.Release|Any CPU.Build.0 = Release|Any CPU
		{2518C89B-B779-4594-8F03-8671516992AD}.Debug|Any CPU.ActiveCfg = Debug|Any CPU
		{2518C89B-B779-4594-8F03-8671516992AD}.Debug|Any CPU.Build.0 = Debug|Any CPU
		{2518C89B-B779-4594-8F03-8671516992AD}.Release|Any CPU.ActiveCfg = Release|Any CPU
		{2518C89B-B779-4594-8F03-8671516992AD}.Release|Any CPU.Build.0 = Release|Any CPU
		{5A0C34D7-B196-4E27-9378-540537A1BCAF}.Debug|Any CPU.ActiveCfg = Debug|Any CPU
		{5A0C34D7-B196-4E27-9378-540537A1BCAF}.Debug|Any CPU.Build.0 = Debug|Any CPU
		{5A0C34D7-B196-4E27-9378-540537A1BCAF}.Release|Any CPU.ActiveCfg = Release|Any CPU
		{5A0C34D7-B196-4E27-9378-540537A1BCAF}.Release|Any CPU.Build.0 = Release|Any CPU
		{D0C4382F-1CA3-41E4-A75E-65FF1CEF99DB}.Debug|Any CPU.ActiveCfg = Debug|Any CPU
		{D0C4382F-1CA3-41E4-A75E-65FF1CEF99DB}.Debug|Any CPU.Build.0 = Debug|Any CPU
		{D0C4382F-1CA3-41E4-A75E-65FF1CEF99DB}.Release|Any CPU.ActiveCfg = Release|Any CPU
		{D0C4382F-1CA3-41E4-A75E-65FF1CEF99DB}.Release|Any CPU.Build.0 = Release|Any CPU
		{3B140822-FC89-4324-942C-CD2A2F8777A7}.Debug|Any CPU.ActiveCfg = Debug|Any CPU
		{3B140822-FC89-4324-942C-CD2A2F8777A7}.Debug|Any CPU.Build.0 = Debug|Any CPU
		{3B140822-FC89-4324-942C-CD2A2F8777A7}.Release|Any CPU.ActiveCfg = Release|Any CPU
		{3B140822-FC89-4324-942C-CD2A2F8777A7}.Release|Any CPU.Build.0 = Release|Any CPU
		{4FA0CBDB-FD53-4D09-92F7-9ACBE7A079C2}.Debug|Any CPU.ActiveCfg = Debug|Any CPU
		{4FA0CBDB-FD53-4D09-92F7-9ACBE7A079C2}.Debug|Any CPU.Build.0 = Debug|Any CPU
		{4FA0CBDB-FD53-4D09-92F7-9ACBE7A079C2}.Release|Any CPU.ActiveCfg = Release|Any CPU
		{4FA0CBDB-FD53-4D09-92F7-9ACBE7A079C2}.Release|Any CPU.Build.0 = Release|Any CPU
		{E022815D-E50A-4398-BBB7-907A363C4032}.Debug|Any CPU.ActiveCfg = Debug|Any CPU
		{E022815D-E50A-4398-BBB7-907A363C4032}.Debug|Any CPU.Build.0 = Debug|Any CPU
		{E022815D-E50A-4398-BBB7-907A363C4032}.Release|Any CPU.ActiveCfg = Release|Any CPU
		{E022815D-E50A-4398-BBB7-907A363C4032}.Release|Any CPU.Build.0 = Release|Any CPU
		{4BF1332A-FF75-4F58-9BA1-BDCC991CD325}.Debug|Any CPU.ActiveCfg = Debug|Any CPU
		{4BF1332A-FF75-4F58-9BA1-BDCC991CD325}.Debug|Any CPU.Build.0 = Debug|Any CPU
		{4BF1332A-FF75-4F58-9BA1-BDCC991CD325}.Release|Any CPU.ActiveCfg = Release|Any CPU
		{4BF1332A-FF75-4F58-9BA1-BDCC991CD325}.Release|Any CPU.Build.0 = Release|Any CPU
		{02E59090-3A9D-41D1-A0D0-757C1053082F}.Debug|Any CPU.ActiveCfg = Debug|Any CPU
		{02E59090-3A9D-41D1-A0D0-757C1053082F}.Debug|Any CPU.Build.0 = Debug|Any CPU
		{02E59090-3A9D-41D1-A0D0-757C1053082F}.Release|Any CPU.ActiveCfg = Release|Any CPU
		{02E59090-3A9D-41D1-A0D0-757C1053082F}.Release|Any CPU.Build.0 = Release|Any CPU
		{2100954F-9A7C-4EEA-A155-F0E3B56CF405}.Debug|Any CPU.ActiveCfg = Debug|Any CPU
		{2100954F-9A7C-4EEA-A155-F0E3B56CF405}.Debug|Any CPU.Build.0 = Debug|Any CPU
		{2100954F-9A7C-4EEA-A155-F0E3B56CF405}.Release|Any CPU.ActiveCfg = Release|Any CPU
		{2100954F-9A7C-4EEA-A155-F0E3B56CF405}.Release|Any CPU.Build.0 = Release|Any CPU
		{7629A07D-D442-4392-9A68-D3F3584D67F8}.Debug|Any CPU.ActiveCfg = Debug|Any CPU
		{7629A07D-D442-4392-9A68-D3F3584D67F8}.Debug|Any CPU.Build.0 = Debug|Any CPU
		{7629A07D-D442-4392-9A68-D3F3584D67F8}.Release|Any CPU.ActiveCfg = Release|Any CPU
		{7629A07D-D442-4392-9A68-D3F3584D67F8}.Release|Any CPU.Build.0 = Release|Any CPU
		{07247A1E-38D4-4D0D-BDC8-EAADB3EBB3A9}.Debug|Any CPU.ActiveCfg = Debug|Any CPU
		{07247A1E-38D4-4D0D-BDC8-EAADB3EBB3A9}.Debug|Any CPU.Build.0 = Debug|Any CPU
		{07247A1E-38D4-4D0D-BDC8-EAADB3EBB3A9}.Release|Any CPU.ActiveCfg = Release|Any CPU
		{07247A1E-38D4-4D0D-BDC8-EAADB3EBB3A9}.Release|Any CPU.Build.0 = Release|Any CPU
		{0DC1DBD2-4044-4616-B3D2-78F9F08F2415}.Debug|Any CPU.ActiveCfg = Debug|Any CPU
		{0DC1DBD2-4044-4616-B3D2-78F9F08F2415}.Debug|Any CPU.Build.0 = Debug|Any CPU
		{0DC1DBD2-4044-4616-B3D2-78F9F08F2415}.Release|Any CPU.ActiveCfg = Release|Any CPU
		{0DC1DBD2-4044-4616-B3D2-78F9F08F2415}.Release|Any CPU.Build.0 = Release|Any CPU
		{93FB616A-7B95-4EAD-90BF-5C091E89EBDF}.Debug|Any CPU.ActiveCfg = Debug|Any CPU
		{93FB616A-7B95-4EAD-90BF-5C091E89EBDF}.Debug|Any CPU.Build.0 = Debug|Any CPU
		{93FB616A-7B95-4EAD-90BF-5C091E89EBDF}.Release|Any CPU.ActiveCfg = Release|Any CPU
		{93FB616A-7B95-4EAD-90BF-5C091E89EBDF}.Release|Any CPU.Build.0 = Release|Any CPU
		{91464B8F-AC71-48DA-ABE0-33B053964B51}.Debug|Any CPU.ActiveCfg = Debug|Any CPU
		{91464B8F-AC71-48DA-ABE0-33B053964B51}.Debug|Any CPU.Build.0 = Debug|Any CPU
		{91464B8F-AC71-48DA-ABE0-33B053964B51}.Release|Any CPU.ActiveCfg = Release|Any CPU
		{91464B8F-AC71-48DA-ABE0-33B053964B51}.Release|Any CPU.Build.0 = Release|Any CPU
		{4C7174F4-D7F9-477D-874D-844FDE38B79A}.Debug|Any CPU.ActiveCfg = Debug|Any CPU
		{4C7174F4-D7F9-477D-874D-844FDE38B79A}.Debug|Any CPU.Build.0 = Debug|Any CPU
		{4C7174F4-D7F9-477D-874D-844FDE38B79A}.Release|Any CPU.ActiveCfg = Release|Any CPU
		{4C7174F4-D7F9-477D-874D-844FDE38B79A}.Release|Any CPU.Build.0 = Release|Any CPU
		{753CCEDC-AB4B-4DBD-92AD-12EB073E7EFE}.Debug|Any CPU.ActiveCfg = Debug|Any CPU
		{753CCEDC-AB4B-4DBD-92AD-12EB073E7EFE}.Debug|Any CPU.Build.0 = Debug|Any CPU
		{753CCEDC-AB4B-4DBD-92AD-12EB073E7EFE}.Release|Any CPU.ActiveCfg = Release|Any CPU
		{753CCEDC-AB4B-4DBD-92AD-12EB073E7EFE}.Release|Any CPU.Build.0 = Release|Any CPU
		{EDBAB667-7FB0-4651-94F6-34DF4A9F8F38}.Debug|Any CPU.ActiveCfg = Debug|Any CPU
		{EDBAB667-7FB0-4651-94F6-34DF4A9F8F38}.Debug|Any CPU.Build.0 = Debug|Any CPU
		{EDBAB667-7FB0-4651-94F6-34DF4A9F8F38}.Release|Any CPU.ActiveCfg = Release|Any CPU
		{EDBAB667-7FB0-4651-94F6-34DF4A9F8F38}.Release|Any CPU.Build.0 = Release|Any CPU
		{18C039A0-67DB-4573-A9B8-07F7545D3BD0}.Debug|Any CPU.ActiveCfg = Debug|Any CPU
		{18C039A0-67DB-4573-A9B8-07F7545D3BD0}.Debug|Any CPU.Build.0 = Debug|Any CPU
		{18C039A0-67DB-4573-A9B8-07F7545D3BD0}.Release|Any CPU.ActiveCfg = Release|Any CPU
		{18C039A0-67DB-4573-A9B8-07F7545D3BD0}.Release|Any CPU.Build.0 = Release|Any CPU
	EndGlobalSection
	GlobalSection(SolutionProperties) = preSolution
		HideSolutionNode = FALSE
	EndGlobalSection
	GlobalSection(ExtensibilityGlobals) = postSolution
		SolutionGuid = {FA51B8E9-8ED5-4F47-95C9-453FA90C55E4}
	EndGlobalSection
EndGlobal
