
Microsoft Visual Studio Solution File, Format Version 12.00
# Visual Studio 15
VisualStudioVersion = 15.0.28307.1062
MinimumVisualStudioVersion = 10.0.40219.1
Project("{FAE04EC0-301F-11D3-BF4B-00C04F79EFBC}") = "ManyMethods", "LCA-2020\ManyMethods.csproj", "{8B0DBCDF-BAFB-49DF-B945-E43EB1D822D8}"
EndProject
Project("{FAE04EC0-301F-11D3-BF4B-00C04F79EFBC}") = "PigLatin", "PigLatin\PigLatin.csproj", "{FE10084C-FEB4-444F-9F45-7EC15400D5E1}"
EndProject
Global
	GlobalSection(SolutionConfigurationPlatforms) = preSolution
		Debug|Any CPU = Debug|Any CPU
		Release|Any CPU = Release|Any CPU
	EndGlobalSection
	GlobalSection(ProjectConfigurationPlatforms) = postSolution
		{8B0DBCDF-BAFB-49DF-B945-E43EB1D822D8}.Debug|Any CPU.ActiveCfg = Debug|Any CPU
		{8B0DBCDF-BAFB-49DF-B945-E43EB1D822D8}.Debug|Any CPU.Build.0 = Debug|Any CPU
		{8B0DBCDF-BAFB-49DF-B945-E43EB1D822D8}.Release|Any CPU.ActiveCfg = Release|Any CPU
		{8B0DBCDF-BAFB-49DF-B945-E43EB1D822D8}.Release|Any CPU.Build.0 = Release|Any CPU
		{FE10084C-FEB4-444F-9F45-7EC15400D5E1}.Debug|Any CPU.ActiveCfg = Debug|Any CPU
		{FE10084C-FEB4-444F-9F45-7EC15400D5E1}.Debug|Any CPU.Build.0 = Debug|Any CPU
		{FE10084C-FEB4-444F-9F45-7EC15400D5E1}.Release|Any CPU.ActiveCfg = Release|Any CPU
		{FE10084C-FEB4-444F-9F45-7EC15400D5E1}.Release|Any CPU.Build.0 = Release|Any CPU
	EndGlobalSection
	GlobalSection(SolutionProperties) = preSolution
		HideSolutionNode = FALSE
	EndGlobalSection
	GlobalSection(ExtensibilityGlobals) = postSolution
		SolutionGuid = {73F8EA86-5C14-4C0D-B608-AF502E4274FF}
	EndGlobalSection
EndGlobal
